
Microsoft Visual Studio Solution File, Format Version 12.00
# Visual Studio Version 17
VisualStudioVersion = 17.8.34525.116
MinimumVisualStudioVersion = 10.0.40219.1
Project("{9A19103F-16F7-4668-BE54-9A1E7A4F7556}") = "MovieCollection.API", "MovieCollection.API\MovieCollection.API.csproj", "{AF52FE28-0F29-4204-93F9-8820320E4A58}"
EndProject
Project("{9A19103F-16F7-4668-BE54-9A1E7A4F7556}") = "MovieCollection.Domain", "MovieCollection.Domain\MovieCollection.Domain.csproj", "{4B877518-68B8-40E3-B308-8D2CF3ABE360}"
EndProject
Project("{9A19103F-16F7-4668-BE54-9A1E7A4F7556}") = "MovieCollection.Infrastructure", "MovieCollection.Infrastructure\MovieCollection.Infrastructure.csproj", "{CEAFB70E-5FE9-4659-9A60-8CC9E914BC7B}"
EndProject
Project("{9A19103F-16F7-4668-BE54-9A1E7A4F7556}") = "MovieCollection.API.Test", "MovieCollection.API.Test\MovieCollection.API.Test.csproj", "{F77F54DB-13CE-4017-B297-F17C60235675}"
EndProject
Project("{9A19103F-16F7-4668-BE54-9A1E7A4F7556}") = "MovieCollection.Infrastructure.Test", "MovieCollection.Infrastructure.Test\MovieCollection.Infrastructure.Test.csproj", "{B8A193EE-5157-4642-90E3-C923FB0023B5}"
EndProject
Project("{2150E333-8FDC-42A3-9474-1A3956D46DE8}") = "Tests", "Tests", "{58ED9860-CE32-4DFB-8F66-6594D0183D9C}"
EndProject
Project("{9A19103F-16F7-4668-BE54-9A1E7A4F7556}") = "MovieCollection.API.Test.Integration", "MovieCollection.API.Test.Integration\MovieCollection.API.Test.Integration.csproj", "{151EFD01-8EB2-44AC-848D-B19EAD971C1D}"
EndProject
Project("{9A19103F-16F7-4668-BE54-9A1E7A4F7556}") = "MovieCollection.Auth", "MovieCollection.Auth\MovieCollection.Auth.csproj", "{98CC8A32-B62F-4761-98BB-113B78F28A7C}"
EndProject
Project("{FAE04EC0-301F-11D3-BF4B-00C04F79EFBC}") = "MovieCollection.Query", "MovieCollection.Query\MovieCollection.Query.csproj", "{226BB584-05E6-49E4-B812-394B24D67BFF}"
EndProject
Global
	GlobalSection(SolutionConfigurationPlatforms) = preSolution
		Debug With DB|Any CPU = Debug With DB|Any CPU
		Debug|Any CPU = Debug|Any CPU
		Release|Any CPU = Release|Any CPU
	EndGlobalSection
	GlobalSection(ProjectConfigurationPlatforms) = postSolution
		{AF52FE28-0F29-4204-93F9-8820320E4A58}.Debug With DB|Any CPU.ActiveCfg = Debug With DB|Any CPU
		{AF52FE28-0F29-4204-93F9-8820320E4A58}.Debug With DB|Any CPU.Build.0 = Debug With DB|Any CPU
		{AF52FE28-0F29-4204-93F9-8820320E4A58}.Debug|Any CPU.ActiveCfg = Debug|Any CPU
		{AF52FE28-0F29-4204-93F9-8820320E4A58}.Debug|Any CPU.Build.0 = Debug|Any CPU
		{AF52FE28-0F29-4204-93F9-8820320E4A58}.Release|Any CPU.ActiveCfg = Release|Any CPU
		{AF52FE28-0F29-4204-93F9-8820320E4A58}.Release|Any CPU.Build.0 = Release|Any CPU
		{4B877518-68B8-40E3-B308-8D2CF3ABE360}.Debug With DB|Any CPU.ActiveCfg = Debug With DB|Any CPU
		{4B877518-68B8-40E3-B308-8D2CF3ABE360}.Debug With DB|Any CPU.Build.0 = Debug With DB|Any CPU
		{4B877518-68B8-40E3-B308-8D2CF3ABE360}.Debug|Any CPU.ActiveCfg = Debug|Any CPU
		{4B877518-68B8-40E3-B308-8D2CF3ABE360}.Debug|Any CPU.Build.0 = Debug|Any CPU
		{4B877518-68B8-40E3-B308-8D2CF3ABE360}.Release|Any CPU.ActiveCfg = Release|Any CPU
		{4B877518-68B8-40E3-B308-8D2CF3ABE360}.Release|Any CPU.Build.0 = Release|Any CPU
		{CEAFB70E-5FE9-4659-9A60-8CC9E914BC7B}.Debug With DB|Any CPU.ActiveCfg = Debug With DB|Any CPU
		{CEAFB70E-5FE9-4659-9A60-8CC9E914BC7B}.Debug With DB|Any CPU.Build.0 = Debug With DB|Any CPU
		{CEAFB70E-5FE9-4659-9A60-8CC9E914BC7B}.Debug|Any CPU.ActiveCfg = Debug|Any CPU
		{CEAFB70E-5FE9-4659-9A60-8CC9E914BC7B}.Debug|Any CPU.Build.0 = Debug|Any CPU
		{CEAFB70E-5FE9-4659-9A60-8CC9E914BC7B}.Release|Any CPU.ActiveCfg = Release|Any CPU
		{CEAFB70E-5FE9-4659-9A60-8CC9E914BC7B}.Release|Any CPU.Build.0 = Release|Any CPU
		{F77F54DB-13CE-4017-B297-F17C60235675}.Debug With DB|Any CPU.ActiveCfg = Debug With DB|Any CPU
		{F77F54DB-13CE-4017-B297-F17C60235675}.Debug With DB|Any CPU.Build.0 = Debug With DB|Any CPU
		{F77F54DB-13CE-4017-B297-F17C60235675}.Debug|Any CPU.ActiveCfg = Debug|Any CPU
		{F77F54DB-13CE-4017-B297-F17C60235675}.Debug|Any CPU.Build.0 = Debug|Any CPU
		{F77F54DB-13CE-4017-B297-F17C60235675}.Release|Any CPU.ActiveCfg = Release|Any CPU
		{F77F54DB-13CE-4017-B297-F17C60235675}.Release|Any CPU.Build.0 = Release|Any CPU
		{B8A193EE-5157-4642-90E3-C923FB0023B5}.Debug With DB|Any CPU.ActiveCfg = Debug With DB|Any CPU
		{B8A193EE-5157-4642-90E3-C923FB0023B5}.Debug With DB|Any CPU.Build.0 = Debug With DB|Any CPU
		{B8A193EE-5157-4642-90E3-C923FB0023B5}.Debug|Any CPU.ActiveCfg = Debug|Any CPU
		{B8A193EE-5157-4642-90E3-C923FB0023B5}.Debug|Any CPU.Build.0 = Debug|Any CPU
		{B8A193EE-5157-4642-90E3-C923FB0023B5}.Release|Any CPU.ActiveCfg = Release|Any CPU
		{B8A193EE-5157-4642-90E3-C923FB0023B5}.Release|Any CPU.Build.0 = Release|Any CPU
		{151EFD01-8EB2-44AC-848D-B19EAD971C1D}.Debug With DB|Any CPU.ActiveCfg = Debug With DB|Any CPU
		{151EFD01-8EB2-44AC-848D-B19EAD971C1D}.Debug With DB|Any CPU.Build.0 = Debug With DB|Any CPU
		{151EFD01-8EB2-44AC-848D-B19EAD971C1D}.Debug|Any CPU.ActiveCfg = Debug|Any CPU
		{151EFD01-8EB2-44AC-848D-B19EAD971C1D}.Debug|Any CPU.Build.0 = Debug|Any CPU
		{151EFD01-8EB2-44AC-848D-B19EAD971C1D}.Release|Any CPU.ActiveCfg = Release|Any CPU
		{151EFD01-8EB2-44AC-848D-B19EAD971C1D}.Release|Any CPU.Build.0 = Release|Any CPU
		{98CC8A32-B62F-4761-98BB-113B78F28A7C}.Debug With DB|Any CPU.ActiveCfg = Debug With DB|Any CPU
		{98CC8A32-B62F-4761-98BB-113B78F28A7C}.Debug With DB|Any CPU.Build.0 = Debug With DB|Any CPU
		{98CC8A32-B62F-4761-98BB-113B78F28A7C}.Debug|Any CPU.ActiveCfg = Debug|Any CPU
		{98CC8A32-B62F-4761-98BB-113B78F28A7C}.Debug|Any CPU.Build.0 = Debug|Any CPU
		{98CC8A32-B62F-4761-98BB-113B78F28A7C}.Release|Any CPU.ActiveCfg = Release|Any CPU
		{98CC8A32-B62F-4761-98BB-113B78F28A7C}.Release|Any CPU.Build.0 = Release|Any CPU
		{226BB584-05E6-49E4-B812-394B24D67BFF}.Debug With DB|Any CPU.ActiveCfg = Debug|Any CPU
		{226BB584-05E6-49E4-B812-394B24D67BFF}.Debug With DB|Any CPU.Build.0 = Debug|Any CPU
		{226BB584-05E6-49E4-B812-394B24D67BFF}.Debug|Any CPU.ActiveCfg = Debug|Any CPU
		{226BB584-05E6-49E4-B812-394B24D67BFF}.Debug|Any CPU.Build.0 = Debug|Any CPU
		{226BB584-05E6-49E4-B812-394B24D67BFF}.Release|Any CPU.ActiveCfg = Release|Any CPU
		{226BB584-05E6-49E4-B812-394B24D67BFF}.Release|Any CPU.Build.0 = Release|Any CPU
	EndGlobalSection
	GlobalSection(SolutionProperties) = preSolution
		HideSolutionNode = FALSE
	EndGlobalSection
	GlobalSection(NestedProjects) = preSolution
		{F77F54DB-13CE-4017-B297-F17C60235675} = {58ED9860-CE32-4DFB-8F66-6594D0183D9C}
		{B8A193EE-5157-4642-90E3-C923FB0023B5} = {58ED9860-CE32-4DFB-8F66-6594D0183D9C}
		{151EFD01-8EB2-44AC-848D-B19EAD971C1D} = {58ED9860-CE32-4DFB-8F66-6594D0183D9C}
	EndGlobalSection
	GlobalSection(ExtensibilityGlobals) = postSolution
		SolutionGuid = {BF3BE407-3301-4F01-A764-969D47880A5D}
	EndGlobalSection
EndGlobal
